
Microsoft Visual Studio Solution File, Format Version 12.00
# Visual Studio Version 16
VisualStudioVersion = 16.0.29209.62
MinimumVisualStudioVersion = 10.0.40219.1
Project("{FAE04EC0-301F-11D3-BF4B-00C04F79EFBC}") = "Z2PPractice", "Z2PPractice.csproj", "{B397EA7D-DF23-4C88-B0AB-76B253601F9F}"
EndProject
Global
	GlobalSection(SolutionConfigurationPlatforms) = preSolution
		Debug|Any CPU = Debug|Any CPU
		Release|Any CPU = Release|Any CPU
	EndGlobalSection
	GlobalSection(ProjectConfigurationPlatforms) = postSolution
		{B397EA7D-DF23-4C88-B0AB-76B253601F9F}.Debug|Any CPU.ActiveCfg = Debug|Any CPU
		{B397EA7D-DF23-4C88-B0AB-76B253601F9F}.Debug|Any CPU.Build.0 = Debug|Any CPU
		{B397EA7D-DF23-4C88-B0AB-76B253601F9F}.Release|Any CPU.ActiveCfg = Release|Any CPU
		{B397EA7D-DF23-4C88-B0AB-76B253601F9F}.Release|Any CPU.Build.0 = Release|Any CPU
	EndGlobalSection
	GlobalSection(SolutionProperties) = preSolution
		HideSolutionNode = FALSE
	EndGlobalSection
	GlobalSection(ExtensibilityGlobals) = postSolution
		SolutionGuid = {7E3DA483-87E2-4128-B3F1-1336B6ADE426}
	EndGlobalSection
EndGlobal
